
Microsoft Visual Studio Solution File, Format Version 12.00
# Visual Studio 15
Project("{FAE04EC0-301F-11D3-BF4B-00C04F79EFBC}") = "01-Task", "Task1\01-Task.csproj", "{436439D1-3922-4844-BD34-52E2B9C8878D}"
EndProject
Project("{FAE04EC0-301F-11D3-BF4B-00C04F79EFBC}") = "02-Task", "Task2\02-Task.csproj", "{DC708DA8-A987-4DAD-88EA-9A87530DD59A}"
EndProject
Project("{FAE04EC0-301F-11D3-BF4B-00C04F79EFBC}") = "03-Task", "Task3\03-Task.csproj", "{1E40A799-A6FC-4653-8F38-40B605D28D22}"
EndProject
Project("{FAE04EC0-301F-11D3-BF4B-00C04F79EFBC}") = "04-Task", "Task4\04-Task.csproj", "{E5D48247-037F-4A5C-93DD-4B7DFCA02549}"
EndProject
Project("{FAE04EC0-301F-11D3-BF4B-00C04F79EFBC}") = "05-Task", "Task5\05-Task.csproj", "{FEED496C-2A27-4232-9E2C-B5A1D1FFFDC4}"
EndProject
Project("{FAE04EC0-301F-11D3-BF4B-00C04F79EFBC}") = "06-Task", "Task6\06-Task.csproj", "{D4956ECD-7137-40D1-B9F3-CCA7588F1957}"
EndProject
Project("{FAE04EC0-301F-11D3-BF4B-00C04F79EFBC}") = "07-Task", "Task7\07-Task.csproj", "{DBF5D5AF-86FB-4C43-AB31-664ED8A5BC5C}"
EndProject
Project("{FAE04EC0-301F-11D3-BF4B-00C04F79EFBC}") = "08-Task", "Task8\08-Task.csproj", "{E16BA9C0-13C8-4952-A64A-6D73DDD5E020}"
EndProject
Project("{FAE04EC0-301F-11D3-BF4B-00C04F79EFBC}") = "09-Task", "Task9\09-Task.csproj", "{44E4C915-E9D5-4EAC-9104-C82C8D6EDF2E}"
EndProject
Project("{FAE04EC0-301F-11D3-BF4B-00C04F79EFBC}") = "10-Task", "Task10\10-Task.csproj", "{071AEC84-CE10-4042-AD8A-099FA9F90AEF}"
EndProject
Project("{FAE04EC0-301F-11D3-BF4B-00C04F79EFBC}") = "11-Task", "Task11\11-Task.csproj", "{AF03BF53-F801-4011-8700-003BB8F255A9}"
EndProject
Project("{FAE04EC0-301F-11D3-BF4B-00C04F79EFBC}") = "12-Task", "12-Task\12-Task.csproj", "{9822D58C-81CB-45E7-9366-FD68E892461B}"
EndProject
Project("{FAE04EC0-301F-11D3-BF4B-00C04F79EFBC}") = "13-Task", "13-Task\13-Task.csproj", "{8944A9D8-C048-4E4C-9A44-BD71C4D9F9C0}"
EndProject
Project("{FAE04EC0-301F-11D3-BF4B-00C04F79EFBC}") = "14-Task", "14-Task\14-Task.csproj", "{F30CEA6E-B61E-436E-AA2A-C8859734C572}"
EndProject
Global
	GlobalSection(SolutionConfigurationPlatforms) = preSolution
		Debug|Any CPU = Debug|Any CPU
		Release|Any CPU = Release|Any CPU
	EndGlobalSection
	GlobalSection(ProjectConfigurationPlatforms) = postSolution
		{436439D1-3922-4844-BD34-52E2B9C8878D}.Debug|Any CPU.ActiveCfg = Debug|Any CPU
		{436439D1-3922-4844-BD34-52E2B9C8878D}.Debug|Any CPU.Build.0 = Debug|Any CPU
		{436439D1-3922-4844-BD34-52E2B9C8878D}.Release|Any CPU.ActiveCfg = Release|Any CPU
		{436439D1-3922-4844-BD34-52E2B9C8878D}.Release|Any CPU.Build.0 = Release|Any CPU
		{DC708DA8-A987-4DAD-88EA-9A87530DD59A}.Debug|Any CPU.ActiveCfg = Debug|Any CPU
		{DC708DA8-A987-4DAD-88EA-9A87530DD59A}.Debug|Any CPU.Build.0 = Debug|Any CPU
		{DC708DA8-A987-4DAD-88EA-9A87530DD59A}.Release|Any CPU.ActiveCfg = Release|Any CPU
		{DC708DA8-A987-4DAD-88EA-9A87530DD59A}.Release|Any CPU.Build.0 = Release|Any CPU
		{1E40A799-A6FC-4653-8F38-40B605D28D22}.Debug|Any CPU.ActiveCfg = Debug|Any CPU
		{1E40A799-A6FC-4653-8F38-40B605D28D22}.Debug|Any CPU.Build.0 = Debug|Any CPU
		{1E40A799-A6FC-4653-8F38-40B605D28D22}.Release|Any CPU.ActiveCfg = Release|Any CPU
		{1E40A799-A6FC-4653-8F38-40B605D28D22}.Release|Any CPU.Build.0 = Release|Any CPU
		{E5D48247-037F-4A5C-93DD-4B7DFCA02549}.Debug|Any CPU.ActiveCfg = Debug|Any CPU
		{E5D48247-037F-4A5C-93DD-4B7DFCA02549}.Debug|Any CPU.Build.0 = Debug|Any CPU
		{E5D48247-037F-4A5C-93DD-4B7DFCA02549}.Release|Any CPU.ActiveCfg = Release|Any CPU
		{E5D48247-037F-4A5C-93DD-4B7DFCA02549}.Release|Any CPU.Build.0 = Release|Any CPU
		{FEED496C-2A27-4232-9E2C-B5A1D1FFFDC4}.Debug|Any CPU.ActiveCfg = Debug|Any CPU
		{FEED496C-2A27-4232-9E2C-B5A1D1FFFDC4}.Debug|Any CPU.Build.0 = Debug|Any CPU
		{FEED496C-2A27-4232-9E2C-B5A1D1FFFDC4}.Release|Any CPU.ActiveCfg = Release|Any CPU
		{FEED496C-2A27-4232-9E2C-B5A1D1FFFDC4}.Release|Any CPU.Build.0 = Release|Any CPU
		{D4956ECD-7137-40D1-B9F3-CCA7588F1957}.Debug|Any CPU.ActiveCfg = Debug|Any CPU
		{D4956ECD-7137-40D1-B9F3-CCA7588F1957}.Debug|Any CPU.Build.0 = Debug|Any CPU
		{D4956ECD-7137-40D1-B9F3-CCA7588F1957}.Release|Any CPU.ActiveCfg = Release|Any CPU
		{D4956ECD-7137-40D1-B9F3-CCA7588F1957}.Release|Any CPU.Build.0 = Release|Any CPU
		{DBF5D5AF-86FB-4C43-AB31-664ED8A5BC5C}.Debug|Any CPU.ActiveCfg = Debug|Any CPU
		{DBF5D5AF-86FB-4C43-AB31-664ED8A5BC5C}.Debug|Any CPU.Build.0 = Debug|Any CPU
		{DBF5D5AF-86FB-4C43-AB31-664ED8A5BC5C}.Release|Any CPU.ActiveCfg = Release|Any CPU
		{DBF5D5AF-86FB-4C43-AB31-664ED8A5BC5C}.Release|Any CPU.Build.0 = Release|Any CPU
		{E16BA9C0-13C8-4952-A64A-6D73DDD5E020}.Debug|Any CPU.ActiveCfg = Debug|Any CPU
		{E16BA9C0-13C8-4952-A64A-6D73DDD5E020}.Debug|Any CPU.Build.0 = Debug|Any CPU
		{E16BA9C0-13C8-4952-A64A-6D73DDD5E020}.Release|Any CPU.ActiveCfg = Release|Any CPU
		{E16BA9C0-13C8-4952-A64A-6D73DDD5E020}.Release|Any CPU.Build.0 = Release|Any CPU
		{44E4C915-E9D5-4EAC-9104-C82C8D6EDF2E}.Debug|Any CPU.ActiveCfg = Debug|Any CPU
		{44E4C915-E9D5-4EAC-9104-C82C8D6EDF2E}.Debug|Any CPU.Build.0 = Debug|Any CPU
		{44E4C915-E9D5-4EAC-9104-C82C8D6EDF2E}.Release|Any CPU.ActiveCfg = Release|Any CPU
		{44E4C915-E9D5-4EAC-9104-C82C8D6EDF2E}.Release|Any CPU.Build.0 = Release|Any CPU
		{071AEC84-CE10-4042-AD8A-099FA9F90AEF}.Debug|Any CPU.ActiveCfg = Debug|Any CPU
		{071AEC84-CE10-4042-AD8A-099FA9F90AEF}.Debug|Any CPU.Build.0 = Debug|Any CPU
		{071AEC84-CE10-4042-AD8A-099FA9F90AEF}.Release|Any CPU.ActiveCfg = Release|Any CPU
		{071AEC84-CE10-4042-AD8A-099FA9F90AEF}.Release|Any CPU.Build.0 = Release|Any CPU
		{AF03BF53-F801-4011-8700-003BB8F255A9}.Debug|Any CPU.ActiveCfg = Debug|Any CPU
		{AF03BF53-F801-4011-8700-003BB8F255A9}.Debug|Any CPU.Build.0 = Debug|Any CPU
		{AF03BF53-F801-4011-8700-003BB8F255A9}.Release|Any CPU.ActiveCfg = Release|Any CPU
		{AF03BF53-F801-4011-8700-003BB8F255A9}.Release|Any CPU.Build.0 = Release|Any CPU
		{9822D58C-81CB-45E7-9366-FD68E892461B}.Debug|Any CPU.ActiveCfg = Debug|Any CPU
		{9822D58C-81CB-45E7-9366-FD68E892461B}.Debug|Any CPU.Build.0 = Debug|Any CPU
		{9822D58C-81CB-45E7-9366-FD68E892461B}.Release|Any CPU.ActiveCfg = Release|Any CPU
		{9822D58C-81CB-45E7-9366-FD68E892461B}.Release|Any CPU.Build.0 = Release|Any CPU
		{8944A9D8-C048-4E4C-9A44-BD71C4D9F9C0}.Debug|Any CPU.ActiveCfg = Debug|Any CPU
		{8944A9D8-C048-4E4C-9A44-BD71C4D9F9C0}.Debug|Any CPU.Build.0 = Debug|Any CPU
		{8944A9D8-C048-4E4C-9A44-BD71C4D9F9C0}.Release|Any CPU.ActiveCfg = Release|Any CPU
		{8944A9D8-C048-4E4C-9A44-BD71C4D9F9C0}.Release|Any CPU.Build.0 = Release|Any CPU
		{F30CEA6E-B61E-436E-AA2A-C8859734C572}.Debug|Any CPU.ActiveCfg = Debug|Any CPU
		{F30CEA6E-B61E-436E-AA2A-C8859734C572}.Debug|Any CPU.Build.0 = Debug|Any CPU
		{F30CEA6E-B61E-436E-AA2A-C8859734C572}.Release|Any CPU.ActiveCfg = Release|Any CPU
		{F30CEA6E-B61E-436E-AA2A-C8859734C572}.Release|Any CPU.Build.0 = Release|Any CPU
	EndGlobalSection
EndGlobal
